
Microsoft Visual Studio Solution File, Format Version 12.00
# Visual Studio 2012
Project("{FAE04EC0-301F-11D3-BF4B-00C04F79EFBC}") = "BankAdmin", "BankAdmin\BankAdmin.csproj", "{E0C381C2-454B-4736-9500-934D6EFE7A69}"
EndProject
Project("{FAE04EC0-301F-11D3-BF4B-00C04F79EFBC}") = "Bank_Management", "..\Bank_Management\Bank_Management\Bank_Management.csproj", "{E3561BD2-F345-4728-86FD-EA7902C78B97}"
EndProject
Global
	GlobalSection(SolutionConfigurationPlatforms) = preSolution
		Debug|Any CPU = Debug|Any CPU
		Release|Any CPU = Release|Any CPU
	EndGlobalSection
	GlobalSection(ProjectConfigurationPlatforms) = postSolution
		{E0C381C2-454B-4736-9500-934D6EFE7A69}.Debug|Any CPU.ActiveCfg = Debug|Any CPU
		{E0C381C2-454B-4736-9500-934D6EFE7A69}.Debug|Any CPU.Build.0 = Debug|Any CPU
		{E0C381C2-454B-4736-9500-934D6EFE7A69}.Release|Any CPU.ActiveCfg = Release|Any CPU
		{E0C381C2-454B-4736-9500-934D6EFE7A69}.Release|Any CPU.Build.0 = Release|Any CPU
		{E3561BD2-F345-4728-86FD-EA7902C78B97}.Debug|Any CPU.ActiveCfg = Debug|Any CPU
		{E3561BD2-F345-4728-86FD-EA7902C78B97}.Debug|Any CPU.Build.0 = Debug|Any CPU
		{E3561BD2-F345-4728-86FD-EA7902C78B97}.Release|Any CPU.ActiveCfg = Release|Any CPU
		{E3561BD2-F345-4728-86FD-EA7902C78B97}.Release|Any CPU.Build.0 = Release|Any CPU
	EndGlobalSection
	GlobalSection(SolutionProperties) = preSolution
		HideSolutionNode = FALSE
	EndGlobalSection
EndGlobal
